
Microsoft Visual Studio Solution File, Format Version 12.00
# Visual Studio 15
VisualStudioVersion = 15.0.26124.0
MinimumVisualStudioVersion = 15.0.26124.0
Project("{FAE04EC0-301F-11D3-BF4B-00C04F79EFBC}") = "1.1", "1.1\1.1.csproj", "{A5C9EE37-F22A-4599-BAD5-6EB19B32786D}"
EndProject
Project("{FAE04EC0-301F-11D3-BF4B-00C04F79EFBC}") = "1.2", "1.2\1.2.csproj", "{D08FB75E-9784-4004-A624-13441E62B64E}"
EndProject
Project("{FAE04EC0-301F-11D3-BF4B-00C04F79EFBC}") = "2.1", "2.1\2.1.csproj", "{2AA0F4DE-60D8-421B-A058-CF453DFEBD82}"
EndProject
Project("{FAE04EC0-301F-11D3-BF4B-00C04F79EFBC}") = "2.2", "2.2\2.2.csproj", "{BB69DC9C-399D-4150-8744-5634C2D424DE}"
EndProject
Project("{FAE04EC0-301F-11D3-BF4B-00C04F79EFBC}") = "3.1", "3.1\3.1.csproj", "{E4F27616-CC93-4B92-A321-46AE16ABDF7A}"
EndProject
Project("{FAE04EC0-301F-11D3-BF4B-00C04F79EFBC}") = "4.1", "4.1\4.1.csproj", "{B3F26A36-683F-4944-AED2-E50E43C9212B}"
EndProject
Global
	GlobalSection(SolutionConfigurationPlatforms) = preSolution
		Debug|Any CPU = Debug|Any CPU
		Debug|x64 = Debug|x64
		Debug|x86 = Debug|x86
		Release|Any CPU = Release|Any CPU
		Release|x64 = Release|x64
		Release|x86 = Release|x86
	EndGlobalSection
	GlobalSection(SolutionProperties) = preSolution
		HideSolutionNode = FALSE
	EndGlobalSection
	GlobalSection(ProjectConfigurationPlatforms) = postSolution
		{A5C9EE37-F22A-4599-BAD5-6EB19B32786D}.Debug|Any CPU.ActiveCfg = Debug|Any CPU
		{A5C9EE37-F22A-4599-BAD5-6EB19B32786D}.Debug|Any CPU.Build.0 = Debug|Any CPU
		{A5C9EE37-F22A-4599-BAD5-6EB19B32786D}.Debug|x64.ActiveCfg = Debug|Any CPU
		{A5C9EE37-F22A-4599-BAD5-6EB19B32786D}.Debug|x64.Build.0 = Debug|Any CPU
		{A5C9EE37-F22A-4599-BAD5-6EB19B32786D}.Debug|x86.ActiveCfg = Debug|Any CPU
		{A5C9EE37-F22A-4599-BAD5-6EB19B32786D}.Debug|x86.Build.0 = Debug|Any CPU
		{A5C9EE37-F22A-4599-BAD5-6EB19B32786D}.Release|Any CPU.ActiveCfg = Release|Any CPU
		{A5C9EE37-F22A-4599-BAD5-6EB19B32786D}.Release|Any CPU.Build.0 = Release|Any CPU
		{A5C9EE37-F22A-4599-BAD5-6EB19B32786D}.Release|x64.ActiveCfg = Release|Any CPU
		{A5C9EE37-F22A-4599-BAD5-6EB19B32786D}.Release|x64.Build.0 = Release|Any CPU
		{A5C9EE37-F22A-4599-BAD5-6EB19B32786D}.Release|x86.ActiveCfg = Release|Any CPU
		{A5C9EE37-F22A-4599-BAD5-6EB19B32786D}.Release|x86.Build.0 = Release|Any CPU
		{D08FB75E-9784-4004-A624-13441E62B64E}.Debug|Any CPU.ActiveCfg = Debug|Any CPU
		{D08FB75E-9784-4004-A624-13441E62B64E}.Debug|Any CPU.Build.0 = Debug|Any CPU
		{D08FB75E-9784-4004-A624-13441E62B64E}.Debug|x64.ActiveCfg = Debug|Any CPU
		{D08FB75E-9784-4004-A624-13441E62B64E}.Debug|x64.Build.0 = Debug|Any CPU
		{D08FB75E-9784-4004-A624-13441E62B64E}.Debug|x86.ActiveCfg = Debug|Any CPU
		{D08FB75E-9784-4004-A624-13441E62B64E}.Debug|x86.Build.0 = Debug|Any CPU
		{D08FB75E-9784-4004-A624-13441E62B64E}.Release|Any CPU.ActiveCfg = Release|Any CPU
		{D08FB75E-9784-4004-A624-13441E62B64E}.Release|Any CPU.Build.0 = Release|Any CPU
		{D08FB75E-9784-4004-A624-13441E62B64E}.Release|x64.ActiveCfg = Release|Any CPU
		{D08FB75E-9784-4004-A624-13441E62B64E}.Release|x64.Build.0 = Release|Any CPU
		{D08FB75E-9784-4004-A624-13441E62B64E}.Release|x86.ActiveCfg = Release|Any CPU
		{D08FB75E-9784-4004-A624-13441E62B64E}.Release|x86.Build.0 = Release|Any CPU
		{2AA0F4DE-60D8-421B-A058-CF453DFEBD82}.Debug|Any CPU.ActiveCfg = Debug|Any CPU
		{2AA0F4DE-60D8-421B-A058-CF453DFEBD82}.Debug|Any CPU.Build.0 = Debug|Any CPU
		{2AA0F4DE-60D8-421B-A058-CF453DFEBD82}.Debug|x64.ActiveCfg = Debug|Any CPU
		{2AA0F4DE-60D8-421B-A058-CF453DFEBD82}.Debug|x64.Build.0 = Debug|Any CPU
		{2AA0F4DE-60D8-421B-A058-CF453DFEBD82}.Debug|x86.ActiveCfg = Debug|Any CPU
		{2AA0F4DE-60D8-421B-A058-CF453DFEBD82}.Debug|x86.Build.0 = Debug|Any CPU
		{2AA0F4DE-60D8-421B-A058-CF453DFEBD82}.Release|Any CPU.ActiveCfg = Release|Any CPU
		{2AA0F4DE-60D8-421B-A058-CF453DFEBD82}.Release|Any CPU.Build.0 = Release|Any CPU
		{2AA0F4DE-60D8-421B-A058-CF453DFEBD82}.Release|x64.ActiveCfg = Release|Any CPU
		{2AA0F4DE-60D8-421B-A058-CF453DFEBD82}.Release|x64.Build.0 = Release|Any CPU
		{2AA0F4DE-60D8-421B-A058-CF453DFEBD82}.Release|x86.ActiveCfg = Release|Any CPU
		{2AA0F4DE-60D8-421B-A058-CF453DFEBD82}.Release|x86.Build.0 = Release|Any CPU
		{BB69DC9C-399D-4150-8744-5634C2D424DE}.Debug|Any CPU.ActiveCfg = Debug|Any CPU
		{BB69DC9C-399D-4150-8744-5634C2D424DE}.Debug|Any CPU.Build.0 = Debug|Any CPU
		{BB69DC9C-399D-4150-8744-5634C2D424DE}.Debug|x64.ActiveCfg = Debug|Any CPU
		{BB69DC9C-399D-4150-8744-5634C2D424DE}.Debug|x64.Build.0 = Debug|Any CPU
		{BB69DC9C-399D-4150-8744-5634C2D424DE}.Debug|x86.ActiveCfg = Debug|Any CPU
		{BB69DC9C-399D-4150-8744-5634C2D424DE}.Debug|x86.Build.0 = Debug|Any CPU
		{BB69DC9C-399D-4150-8744-5634C2D424DE}.Release|Any CPU.ActiveCfg = Release|Any CPU
		{BB69DC9C-399D-4150-8744-5634C2D424DE}.Release|Any CPU.Build.0 = Release|Any CPU
		{BB69DC9C-399D-4150-8744-5634C2D424DE}.Release|x64.ActiveCfg = Release|Any CPU
		{BB69DC9C-399D-4150-8744-5634C2D424DE}.Release|x64.Build.0 = Release|Any CPU
		{BB69DC9C-399D-4150-8744-5634C2D424DE}.Release|x86.ActiveCfg = Release|Any CPU
		{BB69DC9C-399D-4150-8744-5634C2D424DE}.Release|x86.Build.0 = Release|Any CPU
		{E4F27616-CC93-4B92-A321-46AE16ABDF7A}.Debug|Any CPU.ActiveCfg = Debug|Any CPU
		{E4F27616-CC93-4B92-A321-46AE16ABDF7A}.Debug|Any CPU.Build.0 = Debug|Any CPU
		{E4F27616-CC93-4B92-A321-46AE16ABDF7A}.Debug|x64.ActiveCfg = Debug|Any CPU
		{E4F27616-CC93-4B92-A321-46AE16ABDF7A}.Debug|x64.Build.0 = Debug|Any CPU
		{E4F27616-CC93-4B92-A321-46AE16ABDF7A}.Debug|x86.ActiveCfg = Debug|Any CPU
		{E4F27616-CC93-4B92-A321-46AE16ABDF7A}.Debug|x86.Build.0 = Debug|Any CPU
		{E4F27616-CC93-4B92-A321-46AE16ABDF7A}.Release|Any CPU.ActiveCfg = Release|Any CPU
		{E4F27616-CC93-4B92-A321-46AE16ABDF7A}.Release|Any CPU.Build.0 = Release|Any CPU
		{E4F27616-CC93-4B92-A321-46AE16ABDF7A}.Release|x64.ActiveCfg = Release|Any CPU
		{E4F27616-CC93-4B92-A321-46AE16ABDF7A}.Release|x64.Build.0 = Release|Any CPU
		{E4F27616-CC93-4B92-A321-46AE16ABDF7A}.Release|x86.ActiveCfg = Release|Any CPU
		{E4F27616-CC93-4B92-A321-46AE16ABDF7A}.Release|x86.Build.0 = Release|Any CPU
		{B3F26A36-683F-4944-AED2-E50E43C9212B}.Debug|Any CPU.ActiveCfg = Debug|Any CPU
		{B3F26A36-683F-4944-AED2-E50E43C9212B}.Debug|Any CPU.Build.0 = Debug|Any CPU
		{B3F26A36-683F-4944-AED2-E50E43C9212B}.Debug|x64.ActiveCfg = Debug|Any CPU
		{B3F26A36-683F-4944-AED2-E50E43C9212B}.Debug|x64.Build.0 = Debug|Any CPU
		{B3F26A36-683F-4944-AED2-E50E43C9212B}.Debug|x86.ActiveCfg = Debug|Any CPU
		{B3F26A36-683F-4944-AED2-E50E43C9212B}.Debug|x86.Build.0 = Debug|Any CPU
		{B3F26A36-683F-4944-AED2-E50E43C9212B}.Release|Any CPU.ActiveCfg = Release|Any CPU
		{B3F26A36-683F-4944-AED2-E50E43C9212B}.Release|Any CPU.Build.0 = Release|Any CPU
		{B3F26A36-683F-4944-AED2-E50E43C9212B}.Release|x64.ActiveCfg = Release|Any CPU
		{B3F26A36-683F-4944-AED2-E50E43C9212B}.Release|x64.Build.0 = Release|Any CPU
		{B3F26A36-683F-4944-AED2-E50E43C9212B}.Release|x86.ActiveCfg = Release|Any CPU
		{B3F26A36-683F-4944-AED2-E50E43C9212B}.Release|x86.Build.0 = Release|Any CPU
	EndGlobalSection
EndGlobal
